
Microsoft Visual Studio Solution File, Format Version 12.00
# Visual Studio Version 18
VisualStudioVersion = 18.8.12009.203 stable
MinimumVisualStudioVersion = 10.0.40219.1
Project("{FAE04EC0-301F-11D3-BF4B-00C04F79EFBC}") = "ProvisioningDemo", "ProvisioningDemo.csproj", "{F970CF5C-6D1C-47A6-BCBE-C813B482C087}"
EndProject
Project("{2150E333-8FDC-42A3-9474-1A3956D46DE8}") = "Solution Items", "Solution Items", "{2AFAF909-7D87-4416-BC60-E3AB30B5D36A}"
	ProjectSection(SolutionItems) = preProject
		..\.gitignore = ..\.gitignore
		..\Directory.Packages.props = ..\Directory.Packages.props
		..\global.json = ..\global.json
	EndProjectSection
EndProject
Global
	GlobalSection(SolutionConfigurationPlatforms) = preSolution
		Debug|Any CPU = Debug|Any CPU
		Release|Any CPU = Release|Any CPU
	EndGlobalSection
	GlobalSection(ProjectConfigurationPlatforms) = postSolution
		{F970CF5C-6D1C-47A6-BCBE-C813B482C087}.Debug|Any CPU.ActiveCfg = Debug|Any CPU
		{F970CF5C-6D1C-47A6-BCBE-C813B482C087}.Debug|Any CPU.Build.0 = Debug|Any CPU
		{F970CF5C-6D1C-47A6-BCBE-C813B482C087}.Release|Any CPU.ActiveCfg = Release|Any CPU
		{F970CF5C-6D1C-47A6-BCBE-C813B482C087}.Release|Any CPU.Build.0 = Release|Any CPU
	EndGlobalSection
	GlobalSection(SolutionProperties) = preSolution
		HideSolutionNode = FALSE
	EndGlobalSection
	GlobalSection(ExtensibilityGlobals) = postSolution
		SolutionGuid = {B59D8513-73E4-437A-922A-B3AFDC9C7D76}
	EndGlobalSection
EndGlobal
